// !$*UTF8*$!
{
	archiveVersion = 1;
	classes = {
	};
	objectVersion = 50;
	objects = {

/* Begin PBXBuildFile section */
		6D11B703225C87CA0053F107 /* AppDelegate.m in Sources */ = {isa = PBXBuildFile; fileRef = 6D11B702225C87CA0053F107 /* AppDelegate.m */; };
		6D11B706225C87CA0053F107 /* BookListViewController.m in Sources */ = {isa = PBXBuildFile; fileRef = 6D11B705225C87CA0053F107 /* BookListViewController.m */; };
		6D11B709225C87CA0053F107 /* Main.storyboard in Resources */ = {isa = PBXBuildFile; fileRef = 6D11B707225C87CA0053F107 /* Main.storyboard */; };
		6D11B70B225C87CC0053F107 /* Assets.xcassets in Resources */ = {isa = PBXBuildFile; fileRef = 6D11B70A225C87CC0053F107 /* Assets.xcassets */; };
		6D11B70E225C87CC0053F107 /* LaunchScreen.storyboard in Resources */ = {isa = PBXBuildFile; fileRef = 6D11B70C225C87CC0053F107 /* LaunchScreen.storyboard */; };
		6D11B711225C87CC0053F107 /* main.m in Sources */ = {isa = PBXBuildFile; fileRef = 6D11B710225C87CC0053F107 /* main.m */; };
		6D11B71B225C87CC0053F107 /* BookShelfTests.m in Sources */ = {isa = PBXBuildFile; fileRef = 6D11B71A225C87CC0053F107 /* BookShelfTests.m */; };
		6D11B726225C87CC0053F107 /* BookShelfUITests.m in Sources */ = {isa = PBXBuildFile; fileRef = 6D11B725225C87CC0053F107 /* BookShelfUITests.m */; };
		6D11B735225C97930053F107 /* TabBarViewController.m in Sources */ = {isa = PBXBuildFile; fileRef = 6D11B734225C97930053F107 /* TabBarViewController.m */; };
		6D11B738225C9DAE0053F107 /* TabBarDataController.m in Sources */ = {isa = PBXBuildFile; fileRef = 6D11B737225C9DAE0053F107 /* TabBarDataController.m */; };
		6D11B73F225CA5070053F107 /* Tab.m in Sources */ = {isa = PBXBuildFile; fileRef = 6D11B73E225CA5070053F107 /* Tab.m */; };
		6D11B744225CAA500053F107 /* Book.m in Sources */ = {isa = PBXBuildFile; fileRef = 6D11B743225CAA500053F107 /* Book.m */; };
		6D11B74B225CEFB60053F107 /* DetailBook.m in Sources */ = {isa = PBXBuildFile; fileRef = 6D11B74A225CEFB60053F107 /* DetailBook.m */; };
		6D11B74F225CF5EA0053F107 /* APIFetchManager.m in Sources */ = {isa = PBXBuildFile; fileRef = 6D11B74E225CF5EA0053F107 /* APIFetchManager.m */; };
		6D11B752225CF62B0053F107 /* PersistentStoreFetchManager.m in Sources */ = {isa = PBXBuildFile; fileRef = 6D11B751225CF62B0053F107 /* PersistentStoreFetchManager.m */; };
		6D11B75C225D07C10053F107 /* SearchBookListViewController.m in Sources */ = {isa = PBXBuildFile; fileRef = 6D11B75B225D07C10053F107 /* SearchBookListViewController.m */; };
		6D11B75F225F74230053F107 /* PersistentStore.m in Sources */ = {isa = PBXBuildFile; fileRef = 6D11B75E225F74230053F107 /* PersistentStore.m */; };
		6D11B763225F95460053F107 /* BookListViewCell.m in Sources */ = {isa = PBXBuildFile; fileRef = 6D11B761225F95460053F107 /* BookListViewCell.m */; };
		6D11B764225F95460053F107 /* BookListViewCell.xib in Resources */ = {isa = PBXBuildFile; fileRef = 6D11B762225F95460053F107 /* BookListViewCell.xib */; };
/* End PBXBuildFile section */

/* Begin PBXContainerItemProxy section */
		6D11B717225C87CC0053F107 /* PBXContainerItemProxy */ = {
			isa = PBXContainerItemProxy;
			containerPortal = 6D11B6F6225C87CA0053F107 /* Project object */;
			proxyType = 1;
			remoteGlobalIDString = 6D11B6FD225C87CA0053F107;
			remoteInfo = BookShelf;
		};
		6D11B722225C87CC0053F107 /* PBXContainerItemProxy */ = {
			isa = PBXContainerItemProxy;
			containerPortal = 6D11B6F6225C87CA0053F107 /* Project object */;
			proxyType = 1;
			remoteGlobalIDString = 6D11B6FD225C87CA0053F107;
			remoteInfo = BookShelf;
		};
/* End PBXContainerItemProxy section */

/* Begin PBXFileReference section */
		6D11B6FE225C87CA0053F107 /* BookShelf.app */ = {isa = PBXFileReference; explicitFileType = wrapper.application; includeInIndex = 0; path = BookShelf.app; sourceTree = BUILT_PRODUCTS_DIR; };
		6D11B701225C87CA0053F107 /* AppDelegate.h */ = {isa = PBXFileReference; lastKnownFileType = sourcecode.c.h; path = AppDelegate.h; sourceTree = "<group>"; };
		6D11B702225C87CA0053F107 /* AppDelegate.m */ = {isa = PBXFileReference; lastKnownFileType = sourcecode.c.objc; path = AppDelegate.m; sourceTree = "<group>"; };
		6D11B704225C87CA0053F107 /* BookListViewController.h */ = {isa = PBXFileReference; lastKnownFileType = sourcecode.c.h; path = BookListViewController.h; sourceTree = "<group>"; };
		6D11B705225C87CA0053F107 /* BookListViewController.m */ = {isa = PBXFileReference; lastKnownFileType = sourcecode.c.objc; path = BookListViewController.m; sourceTree = "<group>"; };
		6D11B708225C87CA0053F107 /* Base */ = {isa = PBXFileReference; lastKnownFileType = file.storyboard; name = Base; path = Base.lproj/Main.storyboard; sourceTree = "<group>"; };
		6D11B70A225C87CC0053F107 /* Assets.xcassets */ = {isa = PBXFileReference; lastKnownFileType = folder.assetcatalog; path = Assets.xcassets; sourceTree = "<group>"; };
		6D11B70D225C87CC0053F107 /* Base */ = {isa = PBXFileReference; lastKnownFileType = file.storyboard; name = Base; path = Base.lproj/LaunchScreen.storyboard; sourceTree = "<group>"; };
		6D11B70F225C87CC0053F107 /* Info.plist */ = {isa = PBXFileReference; lastKnownFileType = text.plist.xml; path = Info.plist; sourceTree = "<group>"; };
		6D11B710225C87CC0053F107 /* main.m */ = {isa = PBXFileReference; lastKnownFileType = sourcecode.c.objc; path = main.m; sourceTree = "<group>"; };
		6D11B716225C87CC0053F107 /* BookShelfTests.xctest */ = {isa = PBXFileReference; explicitFileType = wrapper.cfbundle; includeInIndex = 0; path = BookShelfTests.xctest; sourceTree = BUILT_PRODUCTS_DIR; };
		6D11B71A225C87CC0053F107 /* BookShelfTests.m */ = {isa = PBXFileReference; lastKnownFileType = sourcecode.c.objc; path = BookShelfTests.m; sourceTree = "<group>"; };
		6D11B71C225C87CC0053F107 /* Info.plist */ = {isa = PBXFileReference; lastKnownFileType = text.plist.xml; path = Info.plist; sourceTree = "<group>"; };
		6D11B721225C87CC0053F107 /* BookShelfUITests.xctest */ = {isa = PBXFileReference; explicitFileType = wrapper.cfbundle; includeInIndex = 0; path = BookShelfUITests.xctest; sourceTree = BUILT_PRODUCTS_DIR; };
		6D11B725225C87CC0053F107 /* BookShelfUITests.m */ = {isa = PBXFileReference; lastKnownFileType = sourcecode.c.objc; path = BookShelfUITests.m; sourceTree = "<group>"; };
		6D11B727225C87CC0053F107 /* Info.plist */ = {isa = PBXFileReference; lastKnownFileType = text.plist.xml; path = Info.plist; sourceTree = "<group>"; };
		6D11B733225C97930053F107 /* TabBarViewController.h */ = {isa = PBXFileReference; lastKnownFileType = sourcecode.c.h; path = TabBarViewController.h; sourceTree = "<group>"; };
		6D11B734225C97930053F107 /* TabBarViewController.m */ = {isa = PBXFileReference; lastKnownFileType = sourcecode.c.objc; path = TabBarViewController.m; sourceTree = "<group>"; };
		6D11B736225C9DAE0053F107 /* TabBarDataController.h */ = {isa = PBXFileReference; lastKnownFileType = sourcecode.c.h; path = TabBarDataController.h; sourceTree = "<group>"; };
		6D11B737225C9DAE0053F107 /* TabBarDataController.m */ = {isa = PBXFileReference; lastKnownFileType = sourcecode.c.objc; path = TabBarDataController.m; sourceTree = "<group>"; };
		6D11B73D225CA5070053F107 /* Tab.h */ = {isa = PBXFileReference; lastKnownFileType = sourcecode.c.h; path = Tab.h; sourceTree = "<group>"; };
		6D11B73E225CA5070053F107 /* Tab.m */ = {isa = PBXFileReference; lastKnownFileType = sourcecode.c.objc; path = Tab.m; sourceTree = "<group>"; };
		6D11B742225CAA500053F107 /* Book.h */ = {isa = PBXFileReference; lastKnownFileType = sourcecode.c.h; path = Book.h; sourceTree = "<group>"; };
		6D11B743225CAA500053F107 /* Book.m */ = {isa = PBXFileReference; lastKnownFileType = sourcecode.c.objc; path = Book.m; sourceTree = "<group>"; };
		6D11B749225CEFB60053F107 /* DetailBook.h */ = {isa = PBXFileReference; lastKnownFileType = sourcecode.c.h; path = DetailBook.h; sourceTree = "<group>"; };
		6D11B74A225CEFB60053F107 /* DetailBook.m */ = {isa = PBXFileReference; lastKnownFileType = sourcecode.c.objc; path = DetailBook.m; sourceTree = "<group>"; };
		6D11B74D225CF5EA0053F107 /* APIFetchManager.h */ = {isa = PBXFileReference; lastKnownFileType = sourcecode.c.h; path = APIFetchManager.h; sourceTree = "<group>"; };
		6D11B74E225CF5EA0053F107 /* APIFetchManager.m */ = {isa = PBXFileReference; lastKnownFileType = sourcecode.c.objc; path = APIFetchManager.m; sourceTree = "<group>"; };
		6D11B750225CF62B0053F107 /* PersistentStoreFetchManager.h */ = {isa = PBXFileReference; lastKnownFileType = sourcecode.c.h; path = PersistentStoreFetchManager.h; sourceTree = "<group>"; };
		6D11B751225CF62B0053F107 /* PersistentStoreFetchManager.m */ = {isa = PBXFileReference; lastKnownFileType = sourcecode.c.objc; path = PersistentStoreFetchManager.m; sourceTree = "<group>"; };
		6D11B759225CF78D0053F107 /* Fetchable.h */ = {isa = PBXFileReference; lastKnownFileType = sourcecode.c.h; path = Fetchable.h; sourceTree = "<group>"; };
		6D11B75A225D07C10053F107 /* SearchBookListViewController.h */ = {isa = PBXFileReference; lastKnownFileType = sourcecode.c.h; path = SearchBookListViewController.h; sourceTree = "<group>"; };
		6D11B75B225D07C10053F107 /* SearchBookListViewController.m */ = {isa = PBXFileReference; lastKnownFileType = sourcecode.c.objc; path = SearchBookListViewController.m; sourceTree = "<group>"; };
		6D11B75D225F74230053F107 /* PersistentStore.h */ = {isa = PBXFileReference; lastKnownFileType = sourcecode.c.h; path = PersistentStore.h; sourceTree = "<group>"; };
		6D11B75E225F74230053F107 /* PersistentStore.m */ = {isa = PBXFileReference; lastKnownFileType = sourcecode.c.objc; path = PersistentStore.m; sourceTree = "<group>"; };
		6D11B760225F95460053F107 /* BookListViewCell.h */ = {isa = PBXFileReference; lastKnownFileType = sourcecode.c.h; path = BookListViewCell.h; sourceTree = "<group>"; };
		6D11B761225F95460053F107 /* BookListViewCell.m */ = {isa = PBXFileReference; lastKnownFileType = sourcecode.c.objc; path = BookListViewCell.m; sourceTree = "<group>"; };
		6D11B762225F95460053F107 /* BookListViewCell.xib */ = {isa = PBXFileReference; lastKnownFileType = file.xib; path = BookListViewCell.xib; sourceTree = "<group>"; };
		6D11B7652260E87B0053F107 /* TabSettable.h */ = {isa = PBXFileReference; lastKnownFileType = sourcecode.c.h; path = TabSettable.h; sourceTree = "<group>"; };
/* End PBXFileReference section */

/* Begin PBXFrameworksBuildPhase section */
		6D11B6FB225C87CA0053F107 /* Frameworks */ = {
			isa = PBXFrameworksBuildPhase;
			buildActionMask = 2147483647;
			files = (
			);
			runOnlyForDeploymentPostprocessing = 0;
		};
		6D11B713225C87CC0053F107 /* Frameworks */ = {
			isa = PBXFrameworksBuildPhase;
			buildActionMask = 2147483647;
			files = (
			);
			runOnlyForDeploymentPostprocessing = 0;
		};
		6D11B71E225C87CC0053F107 /* Frameworks */ = {
			isa = PBXFrameworksBuildPhase;
			buildActionMask = 2147483647;
			files = (
			);
			runOnlyForDeploymentPostprocessing = 0;
		};
/* End PBXFrameworksBuildPhase section */

/* Begin PBXGroup section */
		6D11B6F5225C87CA0053F107 = {
			isa = PBXGroup;
			children = (
				6D11B700225C87CA0053F107 /* BookShelf */,
				6D11B719225C87CC0053F107 /* BookShelfTests */,
				6D11B724225C87CC0053F107 /* BookShelfUITests */,
				6D11B6FF225C87CA0053F107 /* Products */,
			);
			sourceTree = "<group>";
		};
		6D11B6FF225C87CA0053F107 /* Products */ = {
			isa = PBXGroup;
			children = (
				6D11B6FE225C87CA0053F107 /* BookShelf.app */,
				6D11B716225C87CC0053F107 /* BookShelfTests.xctest */,
				6D11B721225C87CC0053F107 /* BookShelfUITests.xctest */,
			);
			name = Products;
			sourceTree = "<group>";
		};
		6D11B700225C87CA0053F107 /* BookShelf */ = {
			isa = PBXGroup;
			children = (
				6D11B73C225CA4ED0053F107 /* Tab */,
				6D11B741225CAA030053F107 /* Book */,
				6D11B74C225CF5C70053F107 /* FetchManagers */,
				6D11B701225C87CA0053F107 /* AppDelegate.h */,
				6D11B702225C87CA0053F107 /* AppDelegate.m */,
				6D11B707225C87CA0053F107 /* Main.storyboard */,
				6D11B70A225C87CC0053F107 /* Assets.xcassets */,
				6D11B70C225C87CC0053F107 /* LaunchScreen.storyboard */,
				6D11B70F225C87CC0053F107 /* Info.plist */,
				6D11B710225C87CC0053F107 /* main.m */,
			);
			path = BookShelf;
			sourceTree = "<group>";
		};
		6D11B719225C87CC0053F107 /* BookShelfTests */ = {
			isa = PBXGroup;
			children = (
				6D11B71A225C87CC0053F107 /* BookShelfTests.m */,
				6D11B71C225C87CC0053F107 /* Info.plist */,
			);
			path = BookShelfTests;
			sourceTree = "<group>";
		};
		6D11B724225C87CC0053F107 /* BookShelfUITests */ = {
			isa = PBXGroup;
			children = (
				6D11B725225C87CC0053F107 /* BookShelfUITests.m */,
				6D11B727225C87CC0053F107 /* Info.plist */,
			);
			path = BookShelfUITests;
			sourceTree = "<group>";
		};
		6D11B73C225CA4ED0053F107 /* Tab */ = {
			isa = PBXGroup;
			children = (
				6D11B73D225CA5070053F107 /* Tab.h */,
				6D11B73E225CA5070053F107 /* Tab.m */,
				6D11B733225C97930053F107 /* TabBarViewController.h */,
				6D11B734225C97930053F107 /* TabBarViewController.m */,
				6D11B736225C9DAE0053F107 /* TabBarDataController.h */,
				6D11B737225C9DAE0053F107 /* TabBarDataController.m */,
				6D11B7652260E87B0053F107 /* TabSettable.h */,
			);
			path = Tab;
			sourceTree = "<group>";
		};
		6D11B741225CAA030053F107 /* Book */ = {
			isa = PBXGroup;
			children = (
				6D11B742225CAA500053F107 /* Book.h */,
				6D11B743225CAA500053F107 /* Book.m */,
				6D11B749225CEFB60053F107 /* DetailBook.h */,
				6D11B74A225CEFB60053F107 /* DetailBook.m */,
				6D11B760225F95460053F107 /* BookListViewCell.h */,
				6D11B761225F95460053F107 /* BookListViewCell.m */,
				6D11B762225F95460053F107 /* BookListViewCell.xib */,
				6D11B704225C87CA0053F107 /* BookListViewController.h */,
				6D11B705225C87CA0053F107 /* BookListViewController.m */,
				6D11B75A225D07C10053F107 /* SearchBookListViewController.h */,
				6D11B75B225D07C10053F107 /* SearchBookListViewController.m */,
			);
			path = Book;
			sourceTree = "<group>";
		};
		6D11B74C225CF5C70053F107 /* FetchManagers */ = {
			isa = PBXGroup;
			children = (
				6D11B759225CF78D0053F107 /* Fetchable.h */,
				6D11B74D225CF5EA0053F107 /* APIFetchManager.h */,
				6D11B74E225CF5EA0053F107 /* APIFetchManager.m */,
				6D11B750225CF62B0053F107 /* PersistentStoreFetchManager.h */,
				6D11B751225CF62B0053F107 /* PersistentStoreFetchManager.m */,
				6D11B75D225F74230053F107 /* PersistentStore.h */,
				6D11B75E225F74230053F107 /* PersistentStore.m */,
			);
			path = FetchManagers;
			sourceTree = "<group>";
		};
/* End PBXGroup section */

/* Begin PBXNativeTarget section */
		6D11B6FD225C87CA0053F107 /* BookShelf */ = {
			isa = PBXNativeTarget;
			buildConfigurationList = 6D11B72A225C87CC0053F107 /* Build configuration list for PBXNativeTarget "BookShelf" */;
			buildPhases = (
				6D11B6FA225C87CA0053F107 /* Sources */,
				6D11B6FB225C87CA0053F107 /* Frameworks */,
				6D11B6FC225C87CA0053F107 /* Resources */,
			);
			buildRules = (
			);
			dependencies = (
			);
			name = BookShelf;
			productName = BookShelf;
			productReference = 6D11B6FE225C87CA0053F107 /* BookShelf.app */;
			productType = "com.apple.product-type.application";
		};
		6D11B715225C87CC0053F107 /* BookShelfTests */ = {
			isa = PBXNativeTarget;
			buildConfigurationList = 6D11B72D225C87CC0053F107 /* Build configuration list for PBXNativeTarget "BookShelfTests" */;
			buildPhases = (
				6D11B712225C87CC0053F107 /* Sources */,
				6D11B713225C87CC0053F107 /* Frameworks */,
				6D11B714225C87CC0053F107 /* Resources */,
			);
			buildRules = (
			);
			dependencies = (
				6D11B718225C87CC0053F107 /* PBXTargetDependency */,
			);
			name = BookShelfTests;
			productName = BookShelfTests;
			productReference = 6D11B716225C87CC0053F107 /* BookShelfTests.xctest */;
			productType = "com.apple.product-type.bundle.unit-test";
		};
		6D11B720225C87CC0053F107 /* BookShelfUITests */ = {
			isa = PBXNativeTarget;
			buildConfigurationList = 6D11B730225C87CC0053F107 /* Build configuration list for PBXNativeTarget "BookShelfUITests" */;
			buildPhases = (
				6D11B71D225C87CC0053F107 /* Sources */,
				6D11B71E225C87CC0053F107 /* Frameworks */,
				6D11B71F225C87CC0053F107 /* Resources */,
			);
			buildRules = (
			);
			dependencies = (
				6D11B723225C87CC0053F107 /* PBXTargetDependency */,
			);
			name = BookShelfUITests;
			productName = BookShelfUITests;
			productReference = 6D11B721225C87CC0053F107 /* BookShelfUITests.xctest */;
			productType = "com.apple.product-type.bundle.ui-testing";
		};
/* End PBXNativeTarget section */

/* Begin PBXProject section */
		6D11B6F6225C87CA0053F107 /* Project object */ = {
			isa = PBXProject;
			attributes = {
				LastUpgradeCheck = 0940;
				ORGANIZATIONNAME = "Seungmi Jeong";
				TargetAttributes = {
					6D11B6FD225C87CA0053F107 = {
						CreatedOnToolsVersion = 9.4;
					};
					6D11B715225C87CC0053F107 = {
						CreatedOnToolsVersion = 9.4;
						TestTargetID = 6D11B6FD225C87CA0053F107;
					};
					6D11B720225C87CC0053F107 = {
						CreatedOnToolsVersion = 9.4;
						TestTargetID = 6D11B6FD225C87CA0053F107;
					};
				};
			};
			buildConfigurationList = 6D11B6F9225C87CA0053F107 /* Build configuration list for PBXProject "BookShelf" */;
			compatibilityVersion = "Xcode 9.3";
			developmentRegion = en;
			hasScannedForEncodings = 0;
			knownRegions = (
				en,
				Base,
			);
			mainGroup = 6D11B6F5225C87CA0053F107;
			productRefGroup = 6D11B6FF225C87CA0053F107 /* Products */;
			projectDirPath = "";
			projectRoot = "";
			targets = (
				6D11B6FD225C87CA0053F107 /* BookShelf */,
				6D11B715225C87CC0053F107 /* BookShelfTests */,
				6D11B720225C87CC0053F107 /* BookShelfUITests */,
			);
		};
/* End PBXProject section */

/* Begin PBXResourcesBuildPhase section */
		6D11B6FC225C87CA0053F107 /* Resources */ = {
			isa = PBXResourcesBuildPhase;
			buildActionMask = 2147483647;
			files = (
				6D11B70E225C87CC0053F107 /* LaunchScreen.storyboard in Resources */,
				6D11B70B225C87CC0053F107 /* Assets.xcassets in Resources */,
				6D11B709225C87CA0053F107 /* Main.storyboard in Resources */,
				6D11B764225F95460053F107 /* BookListViewCell.xib in Resources */,
			);
			runOnlyForDeploymentPostprocessing = 0;
		};
		6D11B714225C87CC0053F107 /* Resources */ = {
			isa = PBXResourcesBuildPhase;
			buildActionMask = 2147483647;
			files = (
			);
			runOnlyForDeploymentPostprocessing = 0;
		};
		6D11B71F225C87CC0053F107 /* Resources */ = {
			isa = PBXResourcesBuildPhase;
			buildActionMask = 2147483647;
			files = (
			);
			runOnlyForDeploymentPostprocessing = 0;
		};
/* End PBXResourcesBuildPhase section */

/* Begin PBXSourcesBuildPhase section */
		6D11B6FA225C87CA0053F107 /* Sources */ = {
			isa = PBXSourcesBuildPhase;
			buildActionMask = 2147483647;
			files = (
				6D11B75F225F74230053F107 /* PersistentStore.m in Sources */,
				6D11B74F225CF5EA0053F107 /* APIFetchManager.m in Sources */,
				6D11B75C225D07C10053F107 /* SearchBookListViewController.m in Sources */,
				6D11B706225C87CA0053F107 /* BookListViewController.m in Sources */,
				6D11B735225C97930053F107 /* TabBarViewController.m in Sources */,
				6D11B738225C9DAE0053F107 /* TabBarDataController.m in Sources */,
				6D11B752225CF62B0053F107 /* PersistentStoreFetchManager.m in Sources */,
				6D11B73F225CA5070053F107 /* Tab.m in Sources */,
				6D11B711225C87CC0053F107 /* main.m in Sources */,
				6D11B74B225CEFB60053F107 /* DetailBook.m in Sources */,
				6D11B744225CAA500053F107 /* Book.m in Sources */,
				6D11B703225C87CA0053F107 /* AppDelegate.m in Sources */,
				6D11B763225F95460053F107 /* BookListViewCell.m in Sources */,
			);
			runOnlyForDeploymentPostprocessing = 0;
		};
		6D11B712225C87CC0053F107 /* Sources */ = {
			isa = PBXSourcesBuildPhase;
			buildActionMask = 2147483647;
			files = (
				6D11B71B225C87CC0053F107 /* BookShelfTests.m in Sources */,
			);
			runOnlyForDeploymentPostprocessing = 0;
		};
		6D11B71D225C87CC0053F107 /* Sources */ = {
			isa = PBXSourcesBuildPhase;
			buildActionMask = 2147483647;
			files = (
				6D11B726225C87CC0053F107 /* BookShelfUITests.m in Sources */,
			);
			runOnlyForDeploymentPostprocessing = 0;
		};
/* End PBXSourcesBuildPhase section */

/* Begin PBXTargetDependency section */
		6D11B718225C87CC0053F107 /* PBXTargetDependency */ = {
			isa = PBXTargetDependency;
			target = 6D11B6FD225C87CA0053F107 /* BookShelf */;
			targetProxy = 6D11B717225C87CC0053F107 /* PBXContainerItemProxy */;
		};
		6D11B723225C87CC0053F107 /* PBXTargetDependency */ = {
			isa = PBXTargetDependency;
			target = 6D11B6FD225C87CA0053F107 /* BookShelf */;
			targetProxy = 6D11B722225C87CC0053F107 /* PBXContainerItemProxy */;
		};
/* End PBXTargetDependency section */

/* Begin PBXVariantGroup section */
		6D11B707225C87CA0053F107 /* Main.storyboard */ = {
			isa = PBXVariantGroup;
			children = (
				6D11B708225C87CA0053F107 /* Base */,
			);
			name = Main.storyboard;
			sourceTree = "<group>";
		};
		6D11B70C225C87CC0053F107 /* LaunchScreen.storyboard */ = {
			isa = PBXVariantGroup;
			children = (
				6D11B70D225C87CC0053F107 /* Base */,
			);
			name = LaunchScreen.storyboard;
			sourceTree = "<group>";
		};
/* End PBXVariantGroup section */

/* Begin XCBuildConfiguration section */
		6D11B728225C87CC0053F107 /* Debug */ = {
			isa = XCBuildConfiguration;
			buildSettings = {
				ALWAYS_SEARCH_USER_PATHS = NO;
				CLANG_ANALYZER_NONNULL = YES;
				CLANG_ANALYZER_NUMBER_OBJECT_CONVERSION = YES_AGGRESSIVE;
				CLANG_CXX_LANGUAGE_STANDARD = "gnu++14";
				CLANG_CXX_LIBRARY = "libc++";
				CLANG_ENABLE_MODULES = YES;
				CLANG_ENABLE_OBJC_ARC = YES;
				CLANG_ENABLE_OBJC_WEAK = YES;
				CLANG_WARN_BLOCK_CAPTURE_AUTORELEASING = YES;
				CLANG_WARN_BOOL_CONVERSION = YES;
				CLANG_WARN_COMMA = YES;
				CLANG_WARN_CONSTANT_CONVERSION = YES;
				CLANG_WARN_DEPRECATED_OBJC_IMPLEMENTATIONS = YES;
				CLANG_WARN_DIRECT_OBJC_ISA_USAGE = YES_ERROR;
				CLANG_WARN_DOCUMENTATION_COMMENTS = YES;
				CLANG_WARN_EMPTY_BODY = YES;
				CLANG_WARN_ENUM_CONVERSION = YES;
				CLANG_WARN_INFINITE_RECURSION = YES;
				CLANG_WARN_INT_CONVERSION = YES;
				CLANG_WARN_NON_LITERAL_NULL_CONVERSION = YES;
				CLANG_WARN_OBJC_IMPLICIT_RETAIN_SELF = YES;
				CLANG_WARN_OBJC_LITERAL_CONVERSION = YES;
				CLANG_WARN_OBJC_ROOT_CLASS = YES_ERROR;
				CLANG_WARN_RANGE_LOOP_ANALYSIS = YES;
				CLANG_WARN_STRICT_PROTOTYPES = YES;
				CLANG_WARN_SUSPICIOUS_MOVE = YES;
				CLANG_WARN_UNGUARDED_AVAILABILITY = YES_AGGRESSIVE;
				CLANG_WARN_UNREACHABLE_CODE = YES;
				CLANG_WARN__DUPLICATE_METHOD_MATCH = YES;
				CODE_SIGN_IDENTITY = "iPhone Developer";
				COPY_PHASE_STRIP = NO;
				DEBUG_INFORMATION_FORMAT = dwarf;
				ENABLE_STRICT_OBJC_MSGSEND = YES;
				ENABLE_TESTABILITY = YES;
				GCC_C_LANGUAGE_STANDARD = gnu11;
				GCC_DYNAMIC_NO_PIC = NO;
				GCC_NO_COMMON_BLOCKS = YES;
				GCC_OPTIMIZATION_LEVEL = 0;
				GCC_PREPROCESSOR_DEFINITIONS = (
					"DEBUG=1",
					"$(inherited)",
				);
				GCC_WARN_64_TO_32_BIT_CONVERSION = YES;
				GCC_WARN_ABOUT_RETURN_TYPE = YES_ERROR;
				GCC_WARN_UNDECLARED_SELECTOR = YES;
				GCC_WARN_UNINITIALIZED_AUTOS = YES_AGGRESSIVE;
				GCC_WARN_UNUSED_FUNCTION = YES;
				GCC_WARN_UNUSED_VARIABLE = YES;
				IPHONEOS_DEPLOYMENT_TARGET = 11.4;
				MTL_ENABLE_DEBUG_INFO = YES;
				ONLY_ACTIVE_ARCH = YES;
				SDKROOT = iphoneos;
			};
			name = Debug;
		};
		6D11B729225C87CC0053F107 /* Release */ = {
			isa = XCBuildConfiguration;
			buildSettings = {
				ALWAYS_SEARCH_USER_PATHS = NO;
				CLANG_ANALYZER_NONNULL = YES;
				CLANG_ANALYZER_NUMBER_OBJECT_CONVERSION = YES_AGGRESSIVE;
				CLANG_CXX_LANGUAGE_STANDARD = "gnu++14";
				CLANG_CXX_LIBRARY = "libc++";
				CLANG_ENABLE_MODULES = YES;
				CLANG_ENABLE_OBJC_ARC = YES;
				CLANG_ENABLE_OBJC_WEAK = YES;
				CLANG_WARN_BLOCK_CAPTURE_AUTORELEASING = YES;
				CLANG_WARN_BOOL_CONVERSION = YES;
				CLANG_WARN_COMMA = YES;
				CLANG_WARN_CONSTANT_CONVERSION = YES;
				CLANG_WARN_DEPRECATED_OBJC_IMPLEMENTATIONS = YES;
				CLANG_WARN_DIRECT_OBJC_ISA_USAGE = YES_ERROR;
				CLANG_WARN_DOCUMENTATION_COMMENTS = YES;
				CLANG_WARN_EMPTY_BODY = YES;
				CLANG_WARN_ENUM_CONVERSION = YES;
				CLANG_WARN_INFINITE_RECURSION = YES;
				CLANG_WARN_INT_CONVERSION = YES;
				CLANG_WARN_NON_LITERAL_NULL_CONVERSION = YES;
				CLANG_WARN_OBJC_IMPLICIT_RETAIN_SELF = YES;
				CLANG_WARN_OBJC_LITERAL_CONVERSION = YES;
				CLANG_WARN_OBJC_ROOT_CLASS = YES_ERROR;
				CLANG_WARN_RANGE_LOOP_ANALYSIS = YES;
				CLANG_WARN_STRICT_PROTOTYPES = YES;
				CLANG_WARN_SUSPICIOUS_MOVE = YES;
				CLANG_WARN_UNGUARDED_AVAILABILITY = YES_AGGRESSIVE;
				CLANG_WARN_UNREACHABLE_CODE = YES;
				CLANG_WARN__DUPLICATE_METHOD_MATCH = YES;
				CODE_SIGN_IDENTITY = "iPhone Developer";
				COPY_PHASE_STRIP = NO;
				DEBUG_INFORMATION_FORMAT = "dwarf-with-dsym";
				ENABLE_NS_ASSERTIONS = NO;
				ENABLE_STRICT_OBJC_MSGSEND = YES;
				GCC_C_LANGUAGE_STANDARD = gnu11;
				GCC_NO_COMMON_BLOCKS = YES;
				GCC_WARN_64_TO_32_BIT_CONVERSION = YES;
				GCC_WARN_ABOUT_RETURN_TYPE = YES_ERROR;
				GCC_WARN_UNDECLARED_SELECTOR = YES;
				GCC_WARN_UNINITIALIZED_AUTOS = YES_AGGRESSIVE;
				GCC_WARN_UNUSED_FUNCTION = YES;
				GCC_WARN_UNUSED_VARIABLE = YES;
				IPHONEOS_DEPLOYMENT_TARGET = 11.4;
				MTL_ENABLE_DEBUG_INFO = NO;
				SDKROOT = iphoneos;
				VALIDATE_PRODUCT = YES;
			};
			name = Release;
		};
		6D11B72B225C87CC0053F107 /* Debug */ = {
			isa = XCBuildConfiguration;
			buildSettings = {
				ASSETCATALOG_COMPILER_APPICON_NAME = AppIcon;
				CODE_SIGN_STYLE = Automatic;
				DEVELOPMENT_TEAM = L9B542F2KY;
				INFOPLIST_FILE = BookShelf/Info.plist;
				LD_RUNPATH_SEARCH_PATHS = (
					"$(inherited)",
					"@executable_path/Frameworks",
				);
				PRODUCT_BUNDLE_IDENTIFIER = com.miya.BookShelf;
				PRODUCT_NAME = "$(TARGET_NAME)";
				TARGETED_DEVICE_FAMILY = "1,2";
			};
			name = Debug;
		};
		6D11B72C225C87CC0053F107 /* Release */ = {
			isa = XCBuildConfiguration;
			buildSettings = {
				ASSETCATALOG_COMPILER_APPICON_NAME = AppIcon;
				CODE_SIGN_STYLE = Automatic;
				DEVELOPMENT_TEAM = L9B542F2KY;
				INFOPLIST_FILE = BookShelf/Info.plist;
				LD_RUNPATH_SEARCH_PATHS = (
					"$(inherited)",
					"@executable_path/Frameworks",
				);
				PRODUCT_BUNDLE_IDENTIFIER = com.miya.BookShelf;
				PRODUCT_NAME = "$(TARGET_NAME)";
				TARGETED_DEVICE_FAMILY = "1,2";
			};
			name = Release;
		};
		6D11B72E225C87CC0053F107 /* Debug */ = {
			isa = XCBuildConfiguration;
			buildSettings = {
				BUNDLE_LOADER = "$(TEST_HOST)";
				CODE_SIGN_STYLE = Automatic;
				DEVELOPMENT_TEAM = L9B542F2KY;
				INFOPLIST_FILE = BookShelfTests/Info.plist;
				LD_RUNPATH_SEARCH_PATHS = (
					"$(inherited)",
					"@executable_path/Frameworks",
					"@loader_path/Frameworks",
				);
				PRODUCT_BUNDLE_IDENTIFIER = com.miya.BookShelfTests;
				PRODUCT_NAME = "$(TARGET_NAME)";
				TARGETED_DEVICE_FAMILY = "1,2";
				TEST_HOST = "$(BUILT_PRODUCTS_DIR)/BookShelf.app/BookShelf";
			};
			name = Debug;
		};
		6D11B72F225C87CC0053F107 /* Release */ = {
			isa = XCBuildConfiguration;
			buildSettings = {
				BUNDLE_LOADER = "$(TEST_HOST)";
				CODE_SIGN_STYLE = Automatic;
				DEVELOPMENT_TEAM = L9B542F2KY;
				INFOPLIST_FILE = BookShelfTests/Info.plist;
				LD_RUNPATH_SEARCH_PATHS = (
					"$(inherited)",
					"@executable_path/Frameworks",
					"@loader_path/Frameworks",
				);
				PRODUCT_BUNDLE_IDENTIFIER = com.miya.BookShelfTests;
				PRODUCT_NAME = "$(TARGET_NAME)";
				TARGETED_DEVICE_FAMILY = "1,2";
				TEST_HOST = "$(BUILT_PRODUCTS_DIR)/BookShelf.app/BookShelf";
			};
			name = Release;
		};
		6D11B731225C87CC0053F107 /* Debug */ = {
			isa = XCBuildConfiguration;
			buildSettings = {
				CODE_SIGN_STYLE = Automatic;
				DEVELOPMENT_TEAM = L9B542F2KY;
				INFOPLIST_FILE = BookShelfUITests/Info.plist;
				LD_RUNPATH_SEARCH_PATHS = (
					"$(inherited)",
					"@executable_path/Frameworks",
					"@loader_path/Frameworks",
				);
				PRODUCT_BUNDLE_IDENTIFIER = com.miya.BookShelfUITests;
				PRODUCT_NAME = "$(TARGET_NAME)";
				TARGETED_DEVICE_FAMILY = "1,2";
				TEST_TARGET_NAME = BookShelf;
			};
			name = Debug;
		};
		6D11B732225C87CC0053F107 /* Release */ = {
			isa = XCBuildConfiguration;
			buildSettings = {
				CODE_SIGN_STYLE = Automatic;
				DEVELOPMENT_TEAM = L9B542F2KY;
				INFOPLIST_FILE = BookShelfUITests/Info.plist;
				LD_RUNPATH_SEARCH_PATHS = (
					"$(inherited)",
					"@executable_path/Frameworks",
					"@loader_path/Frameworks",
				);
				PRODUCT_BUNDLE_IDENTIFIER = com.miya.BookShelfUITests;
				PRODUCT_NAME = "$(TARGET_NAME)";
				TARGETED_DEVICE_FAMILY = "1,2";
				TEST_TARGET_NAME = BookShelf;
			};
			name = Release;
		};
/* End XCBuildConfiguration section */

/* Begin XCConfigurationList section */
		6D11B6F9225C87CA0053F107 /* Build configuration list for PBXProject "BookShelf" */ = {
			isa = XCConfigurationList;
			buildConfigurations = (
				6D11B728225C87CC0053F107 /* Debug */,
				6D11B729225C87CC0053F107 /* Release */,
			);
			defaultConfigurationIsVisible = 0;
			defaultConfigurationName = Release;
		};
		6D11B72A225C87CC0053F107 /* Build configuration list for PBXNativeTarget "BookShelf" */ = {
			isa = XCConfigurationList;
			buildConfigurations = (
				6D11B72B225C87CC0053F107 /* Debug */,
				6D11B72C225C87CC0053F107 /* Release */,
			);
			defaultConfigurationIsVisible = 0;
			defaultConfigurationName = Release;
		};
		6D11B72D225C87CC0053F107 /* Build configuration list for PBXNativeTarget "BookShelfTests" */ = {
			isa = XCConfigurationList;
			buildConfigurations = (
				6D11B72E225C87CC0053F107 /* Debug */,
				6D11B72F225C87CC0053F107 /* Release */,
			);
			defaultConfigurationIsVisible = 0;
			defaultConfigurationName = Release;
		};
		6D11B730225C87CC0053F107 /* Build configuration list for PBXNativeTarget "BookShelfUITests" */ = {
			isa = XCConfigurationList;
			buildConfigurations = (
				6D11B731225C87CC0053F107 /* Debug */,
				6D11B732225C87CC0053F107 /* Release */,
			);
			defaultConfigurationIsVisible = 0;
			defaultConfigurationName = Release;
		};
/* End XCConfigurationList section */
	};
	rootObject = 6D11B6F6225C87CA0053F107 /* Project object */;
}
